
Microsoft Visual Studio Solution File, Format Version 12.00
# Visual Studio Version 17
VisualStudioVersion = 17.0.31903.59
MinimumVisualStudioVersion = 10.0.40219.1
Project("{FAE04EC0-301F-11D3-BF4B-00C04F79EFBC}") = "ROP-Example.ROP", "ROP-Example.ROP\ROP-Example.ROP.csproj", "{9F789C96-59CC-4702-9226-524A54521EA4}"
EndProject
Project("{FAE04EC0-301F-11D3-BF4B-00C04F79EFBC}") = "ROP-Example.Console", "ROP-Example.Console\ROP-Example.Console.csproj", "{D668F046-8CB2-4CBF-9BE4-2AF9D4BA0334}"
EndProject
Global
	GlobalSection(SolutionConfigurationPlatforms) = preSolution
		Debug|Any CPU = Debug|Any CPU
		Release|Any CPU = Release|Any CPU
	EndGlobalSection
	GlobalSection(SolutionProperties) = preSolution
		HideSolutionNode = FALSE
	EndGlobalSection
	GlobalSection(ProjectConfigurationPlatforms) = postSolution
		{9F789C96-59CC-4702-9226-524A54521EA4}.Debug|Any CPU.ActiveCfg = Debug|Any CPU
		{9F789C96-59CC-4702-9226-524A54521EA4}.Debug|Any CPU.Build.0 = Debug|Any CPU
		{9F789C96-59CC-4702-9226-524A54521EA4}.Release|Any CPU.ActiveCfg = Release|Any CPU
		{9F789C96-59CC-4702-9226-524A54521EA4}.Release|Any CPU.Build.0 = Release|Any CPU
		{D668F046-8CB2-4CBF-9BE4-2AF9D4BA0334}.Debug|Any CPU.ActiveCfg = Debug|Any CPU
		{D668F046-8CB2-4CBF-9BE4-2AF9D4BA0334}.Debug|Any CPU.Build.0 = Debug|Any CPU
		{D668F046-8CB2-4CBF-9BE4-2AF9D4BA0334}.Release|Any CPU.ActiveCfg = Release|Any CPU
		{D668F046-8CB2-4CBF-9BE4-2AF9D4BA0334}.Release|Any CPU.Build.0 = Release|Any CPU
	EndGlobalSection
EndGlobal
